# This file is automatically @generated by Poetry and should not be changed by hand.

[[package]]
name = "click"
version = "8.1.3"
description = "Composable command line interface toolkit"
category = "dev"
optional = false
python-versions = ">=3.7"
files = [
    {file = "click-8.1.3-py3-none-any.whl", hash = "sha256:bb4d8133cb15a609f44e8213d9b391b0809795062913b383c62be0ee95b1db48"},
    {file = "click-8.1.3.tar.gz", hash = "sha256:7682dc8afb30297001674575ea00d1814d808d6a36af415a82bd481d37ba7b8e"},
]

[package.dependencies]
colorama = {version = "*", markers = "platform_system == \"Windows\""}

[[package]]
name = "colorama"
version = "0.4.6"
description = "Cross-platform colored terminal text."
category = "dev"
optional = false
python-versions = "!=3.0.*,!=3.1.*,!=3.2.*,!=3.3.*,!=3.4.*,!=3.5.*,!=3.6.*,>=2.7"
files = [
    {file = "colorama-0.4.6-py2.py3-none-any.whl", hash = "sha256:4f1d9991f5acc0ca119f9d443620b77f9d6b33703e51011c16baf57afb285fc6"},
    {file = "colorama-0.4.6.tar.gz", hash = "sha256:08695f5cb7ed6e0531a20572697297273c47b8cae5a63ffc6d6ed5c201be6e44"},
]

[[package]]
name = "pyqt6"
version = "6.4.2"
description = "Python bindings for the Qt cross platform application toolkit"
category = "dev"
optional = false
python-versions = ">=3.6.1"
files = [
    {file = "PyQt6-6.4.2-cp37-abi3-macosx_10_14_universal2.whl", hash = "sha256:c128bc0f17833e324593e3db83e99470d451a197dd17ff0333927b946c935bd9"},
    {file = "PyQt6-6.4.2-cp37-abi3-manylinux_2_28_x86_64.whl", hash = "sha256:18d1daf98d9236d55102cdadafd1056f5802f3c9288fcf7238569937b71a89f0"},
    {file = "PyQt6-6.4.2-cp37-abi3-win_amd64.whl", hash = "sha256:25bd399b4a95dce65d5f937c1aa85d3c7e14a21745ae2a4ca14c0116cd104290"},
    {file = "PyQt6-6.4.2.tar.gz", hash = "sha256:740244f608fe15ee1d89695c43f31a14caeca41c4f02ac36c86dfba4a5d5813d"},
]

[package.dependencies]
PyQt6-Qt6 = ">=6.4.0"
PyQt6-sip = ">=13.4,<14"

[[package]]
name = "pyqt6-plugins"
version = "6.4.2.2.3"
description = "PyQt Designer and QML plugins"
category = "dev"
optional = false
python-versions = ">=3.7"
files = [
    {file = "pyqt6_plugins-6.4.2.2.3-cp310-cp310-macosx_11_0_x86_64.whl", hash = "sha256:01f9ce8538894970354ee1a6084685b18076c87fc71042fc1076b29ef13f5783"},
    {file = "pyqt6_plugins-6.4.2.2.3-cp310-cp310-manylinux2014_x86_64.whl", hash = "sha256:49c2704edc09dbfd95557701d6deb287f2e1a5df7eee1345d02d234118942b0d"},
    {file = "pyqt6_plugins-6.4.2.2.3-cp310-cp310-win_amd64.whl", hash = "sha256:8d021627e73de9768ab1d8e30fbe0df02b82e070e30e2990ecf2c9da5834d515"},
    {file = "pyqt6_plugins-6.4.2.2.3-cp311-cp311-macosx_10_14_universal2.whl", hash = "sha256:680c483d03442902fff13e519ca890d2dded4fe14d9ad9b088b5c8ce7040ec9b"},
    {file = "pyqt6_plugins-6.4.2.2.3-cp311-cp311-manylinux2014_x86_64.whl", hash = "sha256:0e7fc73da2272d401b60eab16b17ba123ebc58b98fdd05de12fd79bc35544c8f"},
    {file = "pyqt6_plugins-6.4.2.2.3-cp311-cp311-win_amd64.whl", hash = "sha256:bca16efe5c26b1cddbfd2b66c5464f8a1ec7d7226fd95a63d32326707b0bb665"},
    {file = "pyqt6_plugins-6.4.2.2.3-cp37-cp37m-macosx_10_15_x86_64.whl", hash = "sha256:f4b7dafd93fe7478d61145fc7b4f6ced261b17459fe5553f2ab8752a40d29155"},
    {file = "pyqt6_plugins-6.4.2.2.3-cp37-cp37m-manylinux2014_x86_64.whl", hash = "sha256:77ecdcb0bdf3e52a1a2c30ab0e9fac0d43803e8c517c507bb8d6055ae61a9ae1"},
    {file = "pyqt6_plugins-6.4.2.2.3-cp37-cp37m-win_amd64.whl", hash = "sha256:f1762458710138f23496be5b3fae593b04248db655189a8d2bd4fa5efbfc10a1"},
    {file = "pyqt6_plugins-6.4.2.2.3-cp38-cp38-macosx_10_15_x86_64.whl", hash = "sha256:a63ee26b7cd4415ddf8758c30064b01e19f31a286404ecfe430ae93c1c7b2a1c"},
    {file = "pyqt6_plugins-6.4.2.2.3-cp38-cp38-manylinux2014_x86_64.whl", hash = "sha256:91a40447879dfc8c7d232bef04182fb80e2e9698dfeb7a7cf47832f785fbd7f6"},
    {file = "pyqt6_plugins-6.4.2.2.3-cp38-cp38-win_amd64.whl", hash = "sha256:e42f00a73ed91fc93fac27b169dace6928f4eb7a6b1c143345c27158594528b0"},
    {file = "pyqt6_plugins-6.4.2.2.3-cp39-cp39-macosx_11_0_x86_64.whl", hash = "sha256:bea5caa5821f540c4577b1eb22723bd2c150792c2c69292518d899d25cb2a8e0"},
    {file = "pyqt6_plugins-6.4.2.2.3-cp39-cp39-manylinux2014_x86_64.whl", hash = "sha256:caac3299a28b1207c4844a4e89b0f4402cab2673a66e9bf46459786e45090b0a"},
    {file = "pyqt6_plugins-6.4.2.2.3-cp39-cp39-win_amd64.whl", hash = "sha256:07985e1289ca066c5e467303f34e31ff56fe217a85535b77ba72d7f7f5d9b7a2"},
]

[package.dependencies]
click = "*"
pyqt6 = "6.4.2"
pyqt6-qt6 = "6.4.3"
qt6-tools = ">=6.4.3.1.2,<6.4.3.2"

[[package]]
name = "pyqt6-qt6"
version = "6.4.3"
description = "The subset of a Qt installation needed by PyQt6."
category = "main"
optional = false
python-versions = "*"
files = [
    {file = "PyQt6_Qt6-6.4.3-py3-none-macosx_10_14_x86_64.whl", hash = "sha256:b133bbc53e1cc05aafd78bfd3a577826481a976021d041c1c57d7dadc7de1c11"},
    {file = "PyQt6_Qt6-6.4.3-py3-none-macosx_11_0_arm64.whl", hash = "sha256:27cc19976c872ae7111fcab8a9e9eae8c5ec5e55bfb6938a379551148b85f5b0"},
    {file = "PyQt6_Qt6-6.4.3-py3-none-manylinux_2_28_x86_64.whl", hash = "sha256:96f30cca49af18f6863c66576b90f2f29987dc35397994d0575b197226c5b328"},
    {file = "PyQt6_Qt6-6.4.3-py3-none-win_amd64.whl", hash = "sha256:b0151097aa93235676c0f83ce23916ee31ca8584bd1b45923725068404542cc2"},
]

[[package]]
name = "pyqt6-sip"
version = "13.5.1"
description = "The sip module support for PyQt6"
category = "dev"
optional = false
python-versions = ">=3.7"
files = [
    {file = "PyQt6_sip-13.5.1-cp310-cp310-macosx_10_9_universal2.whl", hash = "sha256:2a15f080a994936ed182f4a81343baa19bac9063ec6efc0a93d026f5cfc95ace"},
    {file = "PyQt6_sip-13.5.1-cp310-cp310-manylinux_2_5_x86_64.manylinux1_x86_64.whl", hash = "sha256:d90dfec64c35c91644a3e32d3e5680cdee549d00245ea7252cb6298797f9bcef"},
    {file = "PyQt6_sip-13.5.1-cp310-cp310-win_amd64.whl", hash = "sha256:1e7bb3e45e57dfdb9437043d99b7cb797707e7f2475d122928b13688458f94b7"},
    {file = "PyQt6_sip-13.5.1-cp311-cp311-macosx_10_9_universal2.whl", hash = "sha256:18c0e75e6ebd91dc96dbc6290f044ec37e764890ef2182c82b99ea5b655ea466"},
    {file = "PyQt6_sip-13.5.1-cp311-cp311-manylinux_2_5_x86_64.manylinux1_x86_64.whl", hash = "sha256:c3e2f155f92f96d73c680caf3d87f4f9f9aaf6487c125ecbe7140daad7d87245"},
    {file = "PyQt6_sip-13.5.1-cp311-cp311-win_amd64.whl", hash = "sha256:08b69898aab0fcc73661b212d434f9e9eb50319481bc2ac3aaf1ac06bc9feca6"},
    {file = "PyQt6_sip-13.5.1-cp37-cp37m-macosx_10_9_x86_64.whl", hash = "sha256:d79957dd0c0ea1a17f0846806ea203dce827df6a9dcd93ebfe98fdd6186d9ecc"},
    {file = "PyQt6_sip-13.5.1-cp37-cp37m-manylinux_2_5_x86_64.manylinux1_x86_64.whl", hash = "sha256:a867601c38acc9b0c7f9aab4f96d9ec8cbedfcd5ae245f82a9c1c48f352413e4"},
    {file = "PyQt6_sip-13.5.1-cp37-cp37m-win_amd64.whl", hash = "sha256:52931307cf06c5ac992df2877e899f8b8ba72464e2828fe442b18fd51c7bf787"},
    {file = "PyQt6_sip-13.5.1-cp38-cp38-macosx_10_9_x86_64.whl", hash = "sha256:c71d303ff654ad947d8c0cb5ebfde9a59390aac52eb695a775234a08bee8f44e"},
    {file = "PyQt6_sip-13.5.1-cp38-cp38-manylinux_2_5_x86_64.manylinux1_x86_64.whl", hash = "sha256:e0d715bb5b86eb8f09d84b2b4400df7e4c96ef730801bc145a1c23be79f39fac"},
    {file = "PyQt6_sip-13.5.1-cp38-cp38-win_amd64.whl", hash = "sha256:4b2e70d21069fe6e20bf22de1de2985e064e00d1368e0a171ce38824be4339ab"},
    {file = "PyQt6_sip-13.5.1-cp39-cp39-macosx_10_9_universal2.whl", hash = "sha256:f7b4e3cad598afd9b50a32732007184141b400769d425cae86f4e702cbc882b3"},
    {file = "PyQt6_sip-13.5.1-cp39-cp39-manylinux_2_5_x86_64.manylinux1_x86_64.whl", hash = "sha256:ad802005e68bb9bb6f869b7f904c73d7c7793d11b83d317c33ff6b0c163d785f"},
    {file = "PyQt6_sip-13.5.1-cp39-cp39-win_amd64.whl", hash = "sha256:5e8fdb0821c0c556d2a34db1229d4bd711499a1102241b1b9fcf1ee34f87e564"},
    {file = "PyQt6_sip-13.5.1.tar.gz", hash = "sha256:d1e9141752966669576d04b37ba0b122abbc41cc9c35493751028d7d91c4dd49"},
]

[[package]]
name = "pyqt6-tools"
version = "6.4.2.3.3"
description = "PyQt Designer and QML plugins"
category = "dev"
optional = false
python-versions = ">=3.7"
files = [
    {file = "pyqt6_tools-6.4.2.3.3-py3-none-any.whl", hash = "sha256:dfeea682e64fb757f447328742402682eaba9784faf25ceedbd6e38e3d8871b7"},
]

[package.dependencies]
click = "*"
pyqt6 = "6.4.2"
pyqt6-plugins = ">=6.4.2.2.2,<6.4.2.3"
python-dotenv = "*"

[[package]]
name = "python-dotenv"
version = "1.0.0"
description = "Read key-value pairs from a .env file and set them as environment variables"
category = "dev"
optional = false
python-versions = ">=3.8"
files = [
    {file = "python-dotenv-1.0.0.tar.gz", hash = "sha256:a8df96034aae6d2d50a4ebe8216326c61c3eb64836776504fcca410e5937a3ba"},
    {file = "python_dotenv-1.0.0-py3-none-any.whl", hash = "sha256:f5971a9226b701070a4bf2c38c89e5a3f0d64de8debda981d1db98583009122a"},
]

[package.extras]
cli = ["click (>=5.0)"]

[[package]]
name = "pytube"
version = "15.0.0"
description = "Python 3 library for downloading YouTube Videos."
category = "main"
optional = false
python-versions = ">=3.7"
files = [
    {file = "pytube-15.0.0-py3-none-any.whl", hash = "sha256:07b9904749e213485780d7eb606e5e5b8e4341aa4dccf699160876da00e12d78"},
    {file = "pytube-15.0.0.tar.gz", hash = "sha256:076052efe76f390dfa24b1194ff821d4e86c17d41cb5562f3a276a8bcbfc9d1d"},
]

[[package]]
name = "qt6-applications"
version = "6.4.3.2.3"
description = "The collection of Qt tools easily installable in Python"
category = "dev"
optional = false
python-versions = ">=3.7"
files = [
    {file = "qt6_applications-6.4.3.2.3-py3-none-macosx_10_14_universal2.whl", hash = "sha256:aa4d1562ab154e32809045a08b7c2cd6fe86f061bbbe179eaba3580397168005"},
    {file = "qt6_applications-6.4.3.2.3-py3-none-manylinux_2_17_x86_64.whl", hash = "sha256:f9c47faf46a71cf1b61b6ffd1908783454c99742fbfd59c49d523f29f035467e"},
    {file = "qt6_applications-6.4.3.2.3-py3-none-win_amd64.whl", hash = "sha256:029a24611a45fa77a403476ce1a54f3046ef4bde5cfaa5ee6477dc17f8053be2"},
]

[[package]]
name = "qt6-tools"
version = "6.4.3.1.3"
description = "Wrappers for the raw Qt programs from qt6-applications"
category = "dev"
optional = false
python-versions = ">=3.7"
files = [
    {file = "qt6_tools-6.4.3.1.3-py3-none-any.whl", hash = "sha256:dd01cdf830ec8a14f353b7f6d0b81eb4d7472b86f9fa8e872c8ed9c3465726e3"},
]

[package.dependencies]
click = "*"
qt6-applications = ">=6.4.3.2.2,<6.4.3.3"

[metadata]
lock-version = "2.0"
python-versions = "^3.11"
content-hash = "4696f1d476d453c61673e3ba1a8acc57fa6603387b775e990126413157801bde"
